
Microsoft Visual Studio Solution File, Format Version 12.00
# Visual Studio Version 16
VisualStudioVersion = 16.0.32630.194
MinimumVisualStudioVersion = 10.0.40219.1
Project("{FAE04EC0-301F-11D3-BF4B-00C04F79EFBC}") = "todo.Android", "todo\todo.Android\todo.Android.csproj", "{1FE93DFA-3E86-40FB-BE6B-9411A7E87C66}"
EndProject
Project("{FAE04EC0-301F-11D3-BF4B-00C04F79EFBC}") = "todo.iOS", "todo\todo.iOS\todo.iOS.csproj", "{F7D14DA1-37A7-44C7-8FB6-8444AEF346B4}"
EndProject
Project("{FAE04EC0-301F-11D3-BF4B-00C04F79EFBC}") = "todo", "todo\todo\todo.csproj", "{8C113163-8F65-4C24-88FB-C90E6000235B}"
EndProject
Global
	GlobalSection(SolutionConfigurationPlatforms) = preSolution
		Debug|Any CPU = Debug|Any CPU
		Debug|iPhone = Debug|iPhone
		Debug|iPhoneSimulator = Debug|iPhoneSimulator
		Release|Any CPU = Release|Any CPU
		Release|iPhone = Release|iPhone
		Release|iPhoneSimulator = Release|iPhoneSimulator
	EndGlobalSection
	GlobalSection(ProjectConfigurationPlatforms) = postSolution
		{1FE93DFA-3E86-40FB-BE6B-9411A7E87C66}.Debug|Any CPU.ActiveCfg = Debug|Any CPU
		{1FE93DFA-3E86-40FB-BE6B-9411A7E87C66}.Debug|Any CPU.Build.0 = Debug|Any CPU
		{1FE93DFA-3E86-40FB-BE6B-9411A7E87C66}.Debug|Any CPU.Deploy.0 = Debug|Any CPU
		{1FE93DFA-3E86-40FB-BE6B-9411A7E87C66}.Debug|iPhone.ActiveCfg = Debug|Any CPU
		{1FE93DFA-3E86-40FB-BE6B-9411A7E87C66}.Debug|iPhone.Build.0 = Debug|Any CPU
		{1FE93DFA-3E86-40FB-BE6B-9411A7E87C66}.Debug|iPhone.Deploy.0 = Debug|Any CPU
		{1FE93DFA-3E86-40FB-BE6B-9411A7E87C66}.Debug|iPhoneSimulator.ActiveCfg = Debug|Any CPU
		{1FE93DFA-3E86-40FB-BE6B-9411A7E87C66}.Debug|iPhoneSimulator.Build.0 = Debug|Any CPU
		{1FE93DFA-3E86-40FB-BE6B-9411A7E87C66}.Debug|iPhoneSimulator.Deploy.0 = Debug|Any CPU
		{1FE93DFA-3E86-40FB-BE6B-9411A7E87C66}.Release|Any CPU.ActiveCfg = Release|Any CPU
		{1FE93DFA-3E86-40FB-BE6B-9411A7E87C66}.Release|Any CPU.Build.0 = Release|Any CPU
		{1FE93DFA-3E86-40FB-BE6B-9411A7E87C66}.Release|Any CPU.Deploy.0 = Release|Any CPU
		{1FE93DFA-3E86-40FB-BE6B-9411A7E87C66}.Release|iPhone.ActiveCfg = Release|Any CPU
		{1FE93DFA-3E86-40FB-BE6B-9411A7E87C66}.Release|iPhone.Build.0 = Release|Any CPU
		{1FE93DFA-3E86-40FB-BE6B-9411A7E87C66}.Release|iPhone.Deploy.0 = Release|Any CPU
		{1FE93DFA-3E86-40FB-BE6B-9411A7E87C66}.Release|iPhoneSimulator.ActiveCfg = Release|Any CPU
		{1FE93DFA-3E86-40FB-BE6B-9411A7E87C66}.Release|iPhoneSimulator.Build.0 = Release|Any CPU
		{1FE93DFA-3E86-40FB-BE6B-9411A7E87C66}.Release|iPhoneSimulator.Deploy.0 = Release|Any CPU
		{F7D14DA1-37A7-44C7-8FB6-8444AEF346B4}.Debug|Any CPU.ActiveCfg = Debug|iPhone
		{F7D14DA1-37A7-44C7-8FB6-8444AEF346B4}.Debug|Any CPU.Build.0 = Debug|iPhone
		{F7D14DA1-37A7-44C7-8FB6-8444AEF346B4}.Debug|Any CPU.Deploy.0 = Debug|iPhone
		{F7D14DA1-37A7-44C7-8FB6-8444AEF346B4}.Debug|iPhone.ActiveCfg = Debug|iPhone
		{F7D14DA1-37A7-44C7-8FB6-8444AEF346B4}.Debug|iPhone.Build.0 = Debug|iPhone
		{F7D14DA1-37A7-44C7-8FB6-8444AEF346B4}.Debug|iPhone.Deploy.0 = Debug|iPhone
		{F7D14DA1-37A7-44C7-8FB6-8444AEF346B4}.Debug|iPhoneSimulator.ActiveCfg = Debug|iPhoneSimulator
		{F7D14DA1-37A7-44C7-8FB6-8444AEF346B4}.Debug|iPhoneSimulator.Build.0 = Debug|iPhoneSimulator
		{F7D14DA1-37A7-44C7-8FB6-8444AEF346B4}.Debug|iPhoneSimulator.Deploy.0 = Debug|iPhoneSimulator
		{F7D14DA1-37A7-44C7-8FB6-8444AEF346B4}.Release|Any CPU.ActiveCfg = Release|iPhoneSimulator
		{F7D14DA1-37A7-44C7-8FB6-8444AEF346B4}.Release|Any CPU.Build.0 = Release|iPhoneSimulator
		{F7D14DA1-37A7-44C7-8FB6-8444AEF346B4}.Release|Any CPU.Deploy.0 = Release|iPhoneSimulator
		{F7D14DA1-37A7-44C7-8FB6-8444AEF346B4}.Release|iPhone.ActiveCfg = Release|iPhone
		{F7D14DA1-37A7-44C7-8FB6-8444AEF346B4}.Release|iPhone.Build.0 = Release|iPhone
		{F7D14DA1-37A7-44C7-8FB6-8444AEF346B4}.Release|iPhone.Deploy.0 = Release|iPhone
		{F7D14DA1-37A7-44C7-8FB6-8444AEF346B4}.Release|iPhoneSimulator.ActiveCfg = Release|iPhoneSimulator
		{F7D14DA1-37A7-44C7-8FB6-8444AEF346B4}.Release|iPhoneSimulator.Build.0 = Release|iPhoneSimulator
		{F7D14DA1-37A7-44C7-8FB6-8444AEF346B4}.Release|iPhoneSimulator.Deploy.0 = Release|iPhoneSimulator
		{8C113163-8F65-4C24-88FB-C90E6000235B}.Debug|Any CPU.ActiveCfg = Debug|Any CPU
		{8C113163-8F65-4C24-88FB-C90E6000235B}.Debug|Any CPU.Build.0 = Debug|Any CPU
		{8C113163-8F65-4C24-88FB-C90E6000235B}.Debug|Any CPU.Deploy.0 = Debug|Any CPU
		{8C113163-8F65-4C24-88FB-C90E6000235B}.Debug|iPhone.ActiveCfg = Debug|Any CPU
		{8C113163-8F65-4C24-88FB-C90E6000235B}.Debug|iPhone.Build.0 = Debug|Any CPU
		{8C113163-8F65-4C24-88FB-C90E6000235B}.Debug|iPhone.Deploy.0 = Debug|Any CPU
		{8C113163-8F65-4C24-88FB-C90E6000235B}.Debug|iPhoneSimulator.ActiveCfg = Debug|Any CPU
		{8C113163-8F65-4C24-88FB-C90E6000235B}.Debug|iPhoneSimulator.Build.0 = Debug|Any CPU
		{8C113163-8F65-4C24-88FB-C90E6000235B}.Debug|iPhoneSimulator.Deploy.0 = Debug|Any CPU
		{8C113163-8F65-4C24-88FB-C90E6000235B}.Release|Any CPU.ActiveCfg = Release|Any CPU
		{8C113163-8F65-4C24-88FB-C90E6000235B}.Release|Any CPU.Build.0 = Release|Any CPU
		{8C113163-8F65-4C24-88FB-C90E6000235B}.Release|Any CPU.Deploy.0 = Release|Any CPU
		{8C113163-8F65-4C24-88FB-C90E6000235B}.Release|iPhone.ActiveCfg = Release|Any CPU
		{8C113163-8F65-4C24-88FB-C90E6000235B}.Release|iPhone.Build.0 = Release|Any CPU
		{8C113163-8F65-4C24-88FB-C90E6000235B}.Release|iPhone.Deploy.0 = Release|Any CPU
		{8C113163-8F65-4C24-88FB-C90E6000235B}.Release|iPhoneSimulator.ActiveCfg = Release|Any CPU
		{8C113163-8F65-4C24-88FB-C90E6000235B}.Release|iPhoneSimulator.Build.0 = Release|Any CPU
		{8C113163-8F65-4C24-88FB-C90E6000235B}.Release|iPhoneSimulator.Deploy.0 = Release|Any CPU
	EndGlobalSection
	GlobalSection(SolutionProperties) = preSolution
		HideSolutionNode = FALSE
	EndGlobalSection
	GlobalSection(ExtensibilityGlobals) = postSolution
		SolutionGuid = {8B1DD668-F597-490E-99FD-B89936EA8265}
	EndGlobalSection
EndGlobal
